{
  "name": "coiffe-domicile",
  "lockfileVersion": 2,
  "requires": true,
  "packages": {
    "": {
      "dependencies": {
        "@supercharge/strings": "^1.29.0",
        "country-state-city": "^3.1.2"
      }
    },
    "node_modules/@supercharge/strings": {
      "version": "1.29.0",
      "resolved": "https://registry.npmjs.org/@supercharge/strings/-/strings-1.29.0.tgz",
      "integrity": "sha512-isclvPkuijDDqi0gPKrgkzncSzu4WVPXSpSm+kPh+6tHCJGFZlKzS1y7Js+iPezLyPd9LVv2JRh4pu42ISL1pw==",
      "dependencies": {
        "uuid": "~8.3.2"
      }
    },
    "node_modules/country-state-city": {
      "version": "3.1.2",
      "resolved": "https://registry.npmjs.org/country-state-city/-/country-state-city-3.1.2.tgz",
      "integrity": "sha512-qpzY7GyzqgJsx5TQUak0ryhbMcn1bLN1mgQc37EWkJMOEbszrAMowjzmisnf8ybhLBnbesZ1LK3KTc7SUX1T1w=="
    },
    "node_modules/uuid": {
      "version": "8.3.2",
      "resolved": "https://registry.npmjs.org/uuid/-/uuid-8.3.2.tgz",
      "integrity": "sha512-+NYs2QeMWy+GWFOEm9xnn6HCDp0l7QBD7ml8zLUmJ+93Q5NF0NocErnwkTkXVFNiX3/fpC6afS8Dhb/gz7R7eg==",
      "bin": {
        "uuid": "dist/bin/uuid"
      }
    }
  },
  "dependencies": {
    "@supercharge/strings": {
      "version": "1.29.0",
      "resolved": "https://registry.npmjs.org/@supercharge/strings/-/strings-1.29.0.tgz",
      "integrity": "sha512-isclvPkuijDDqi0gPKrgkzncSzu4WVPXSpSm+kPh+6tHCJGFZlKzS1y7Js+iPezLyPd9LVv2JRh4pu42ISL1pw==",
      "requires": {
        "uuid": "~8.3.2"
      }
    },
    "country-state-city": {
      "version": "3.1.2",
      "resolved": "https://registry.npmjs.org/country-state-city/-/country-state-city-3.1.2.tgz",
      "integrity": "sha512-qpzY7GyzqgJsx5TQUak0ryhbMcn1bLN1mgQc37EWkJMOEbszrAMowjzmisnf8ybhLBnbesZ1LK3KTc7SUX1T1w=="
    },
    "uuid": {
      "version": "8.3.2",
      "resolved": "https://registry.npmjs.org/uuid/-/uuid-8.3.2.tgz",
      "integrity": "sha512-+NYs2QeMWy+GWFOEm9xnn6HCDp0l7QBD7ml8zLUmJ+93Q5NF0NocErnwkTkXVFNiX3/fpC6afS8Dhb/gz7R7eg=="
    }
  }
}
